
Microsoft Visual Studio Solution File, Format Version 12.00
# Visual Studio Version 17
VisualStudioVersion = 17.2.32526.322
MinimumVisualStudioVersion = 10.0.40219.1
Project("{9A19103F-16F7-4668-BE54-9A1E7A4F7556}") = "ProductManagement", "ProductManagement\ProductManagement.csproj", "{E01F4F1F-E2A8-43F5-8114-06971ABF83B9}"
EndProject
Project("{9A19103F-16F7-4668-BE54-9A1E7A4F7556}") = "NUnitTest", "NUnitTest\NUnitTest.csproj", "{376188B4-1B16-41D4-9050-FE6619B1C671}"
EndProject
Global
	GlobalSection(SolutionConfigurationPlatforms) = preSolution
		Debug|Any CPU = Debug|Any CPU
		Release|Any CPU = Release|Any CPU
	EndGlobalSection
	GlobalSection(ProjectConfigurationPlatforms) = postSolution
		{E01F4F1F-E2A8-43F5-8114-06971ABF83B9}.Debug|Any CPU.ActiveCfg = Debug|Any CPU
		{E01F4F1F-E2A8-43F5-8114-06971ABF83B9}.Debug|Any CPU.Build.0 = Debug|Any CPU
		{E01F4F1F-E2A8-43F5-8114-06971ABF83B9}.Release|Any CPU.ActiveCfg = Release|Any CPU
		{E01F4F1F-E2A8-43F5-8114-06971ABF83B9}.Release|Any CPU.Build.0 = Release|Any CPU
		{376188B4-1B16-41D4-9050-FE6619B1C671}.Debug|Any CPU.ActiveCfg = Debug|Any CPU
		{376188B4-1B16-41D4-9050-FE6619B1C671}.Debug|Any CPU.Build.0 = Debug|Any CPU
		{376188B4-1B16-41D4-9050-FE6619B1C671}.Release|Any CPU.ActiveCfg = Release|Any CPU
		{376188B4-1B16-41D4-9050-FE6619B1C671}.Release|Any CPU.Build.0 = Release|Any CPU
	EndGlobalSection
	GlobalSection(SolutionProperties) = preSolution
		HideSolutionNode = FALSE
	EndGlobalSection
	GlobalSection(ExtensibilityGlobals) = postSolution
		SolutionGuid = {75E3678B-EBAE-416A-B4FE-FCBFC5668FDA}
	EndGlobalSection
EndGlobal
